# THIS IS AN AUTOGENERATED FILE. DO NOT EDIT THIS FILE DIRECTLY.
# yarn lockfile v1


"@types/node@18.18.1":
  version "18.18.1"
  resolved "https://registry.yarnpkg.com/@types/node/-/node-18.18.1.tgz#80b22f3df719f15c9736207980e95f35d01ec1aa"
  integrity sha512-3G42sxmm0fF2+Vtb9TJQpnjmP+uKlWvFa8KoEGquh4gqRmoUG/N0ufuhikw6HEsdG2G2oIKhog1GCTfz9v5NdQ==
